
Microsoft Visual Studio Solution File, Format Version 12.00
# Visual Studio Version 17
VisualStudioVersion = 17.11.35327.3
MinimumVisualStudioVersion = 10.0.40219.1
Project("{FAE04EC0-301F-11D3-BF4B-00C04F79EFBC}") = "elagazasok", "elgazasok\elagazasok.csproj", "{7F220B39-BA6A-4364-A374-D51E373F0C92}"
EndProject
Project("{2150E333-8FDC-42A3-9474-1A3956D46DE8}") = "Solution Items", "Solution Items", "{86BB81FE-E3FB-4D82-9D8B-EF98E1D7ACD9}"
	ProjectSection(SolutionItems) = preProject
		.gitignore = .gitignore
	EndProjectSection
EndProject
Global
	GlobalSection(SolutionConfigurationPlatforms) = preSolution
		Debug|Any CPU = Debug|Any CPU
		Release|Any CPU = Release|Any CPU
	EndGlobalSection
	GlobalSection(ProjectConfigurationPlatforms) = postSolution
		{7F220B39-BA6A-4364-A374-D51E373F0C92}.Debug|Any CPU.ActiveCfg = Debug|Any CPU
		{7F220B39-BA6A-4364-A374-D51E373F0C92}.Debug|Any CPU.Build.0 = Debug|Any CPU
		{7F220B39-BA6A-4364-A374-D51E373F0C92}.Release|Any CPU.ActiveCfg = Release|Any CPU
		{7F220B39-BA6A-4364-A374-D51E373F0C92}.Release|Any CPU.Build.0 = Release|Any CPU
	EndGlobalSection
	GlobalSection(SolutionProperties) = preSolution
		HideSolutionNode = FALSE
	EndGlobalSection
	GlobalSection(ExtensibilityGlobals) = postSolution
		SolutionGuid = {619A14CA-81CE-4AAE-8A21-72FDA129BB61}
	EndGlobalSection
EndGlobal
